github.com/sesky4/tgo/tencentcloud/aa v1.0.335/go.mod h1:OPbqPQeV0VbxUrHjQR+VxE92vVAIIyfd5lKJiYSQXTI=
github.com/sesky4/tgo/tencentcloud/aai v1.0.335/go.mod h1:anqHSMaBdQrRse0OOGFhFteN8zHWRw+5cdZWxCqCH8E=
github.com/sesky4/tgo/tencentcloud/advisor v1.0.335/go.mod h1:FvU6WXwZ3yBnFOXJUdm1fbwcBFGAQIrPhFJf3J5XkWk=
github.com/sesky4/tgo/tencentcloud/af v1.0.335/go.mod h1:LYwZZ3q7ti6RWd2ZatrSPh9soCdy8N50Ofecg4WKr1U=
github.com/sesky4/tgo/tencentcloud/afc v1.0.335/go.mod h1:KuePtDHd7DSZtbU4GZAC3c8JusfWyhttKMg0xZvww3Q=
github.com/sesky4/tgo/tencentcloud/ame v1.0.335/go.mod h1:Q/dDOwJeyjns4ecmgO10dQdGfnuSRmWxvPGSxHVZb9M=
github.com/sesky4/tgo/tencentcloud/ams v1.0.335/go.mod h1:SHFqKmYp0eI7BDT6ekAUi33mqAXN+9YHoHDUOd9qBdU=
github.com/sesky4/tgo/tencentcloud/antiddos v1.0.335/go.mod h1:I2/OyquUQYsFVs0s/RNA44dtaItiUJtdicAoV46ZEHw=
github.com/sesky4/tgo/tencentcloud/apcas v1.0.335/go.mod h1:GNADOjq7gj4IHZlQ/bVMrdw5ecX+zLdUCNSiGrvJuqU=
github.com/sesky4/tgo/tencentcloud/ape v1.0.335/go.mod h1:aY09mDqnCbdNJKqDH7VswXup6eBB2coETJi5ejlrF3U=
github.com/sesky4/tgo/tencentcloud/api v1.0.335/go.mod h1:64tMU+s8eu8uAIwixl5HjJaCpnu/Wub1ijDJRwEnL5E=
github.com/sesky4/tgo/tencentcloud/apigateway v1.0.335/go.mod h1:CHwTqIwngTZlpl5WIcTKOBddnljTKbYsnA62YEqJZZc=
github.com/sesky4/tgo/tencentcloud/apm v1.0.335/go.mod h1:zsDL91tHRLrJftaN63qZmczegQtCP9S5YpGOp0Y4c6E=
github.com/sesky4/tgo/tencentcloud/as v1.0.335/go.mod h1:Z7snVIxIcrK9DjcC09dHIq2s3dIiagUqEbiq06/i8nw=
github.com/sesky4/tgo/tencentcloud/asr v1.0.335/go.mod h1:s45U1XINfBO+z7HNHAxKQwhhT8I9bynKtUNy/iSOt60=
github.com/sesky4/tgo/tencentcloud/asw v1.0.335/go.mod h1:8vdXodTxOYHSaQ7okkfLPCuA6MQKOqxzURal5VIxTcM=
github.com/sesky4/tgo/tencentcloud/ba v1.0.335/go.mod h1:iWDhLDiynuH5DYhrWjX9iDlj87JSyh6oLbeguPql9Fc=
github.com/sesky4/tgo/tencentcloud/batch v1.0.335/go.mod h1:NKW3y+Cn3TXJ/UKa5QAyR8ifhh+40itXNnbj5L5kpQA=
github.com/sesky4/tgo/tencentcloud/bda v1.0.335/go.mod h1:Lbft7pqGPa/gHkKpUAgQ3znqHzMLMEoUKsilKk3uUlQ=
github.com/sesky4/tgo/tencentcloud/billing v1.0.335/go.mod h1:vJwhBduJw5JqSqN5CYI+faTm6S6pT2Kc3+kzG8lbmNE=
github.com/sesky4/tgo/tencentcloud/bizlive v1.0.335/go.mod h1:1dM0ZLHPHNANBNyKuOnlaJGBcW/BEEdPgdgkU89qzbA=
github.com/sesky4/tgo/tencentcloud/bm v1.0.335/go.mod h1:w7/Tq7rqMW+4LD053kT2U8OdEymcX/bVH8Y2fEzTtqc=
github.com/sesky4/tgo/tencentcloud/bmeip v1.0.335/go.mod h1:LgYHuPOf9oG/GBGGdfi8D3xJryKQtRsXOjk4Ey+vUdg=
github.com/sesky4/tgo/tencentcloud/bmlb v1.0.335/go.mod h1:qEzncudvx79DJsgLCLN9999L+L8XxGV6t38rnmeZhwo=
github.com/sesky4/tgo/tencentcloud/bmvpc v1.0.335/go.mod h1:IFrOTJIjcArmY9ioSkm2OYucQ1L/TKwdI8ouwOr638g=
github.com/sesky4/tgo/tencentcloud/bri v1.0.335/go.mod h1:fHauJqkfex8Xu2puZDjUnoLAHwEpvP4xf5v9mgkbh5I=
github.com/sesky4/tgo/tencentcloud/btoe v1.0.335/go.mod h1:mcgSprZ6aNAMSnO2g79Uqgjqwb4+QnzlnGksyiRSJe8=
github.com/sesky4/tgo/tencentcloud/cam v1.0.335/go.mod h1:GRQj5kGolGdmTMs4CUcTmPkelw4LRB0Q7V/cxc68PSg=
github.com/sesky4/tgo/tencentcloud/captcha v1.0.335/go.mod h1:RdFpHHoqjwdLHg+Xt/wuI1fMaz3IbvZ4NZFuQJdXZSc=
github.com/sesky4/tgo/tencentcloud/cat v1.0.335/go.mod h1:oPVnoR2xxgMe4IvQjrN6LmJ3cbJhncrcZBZvhFTTGl4=
github.com/sesky4/tgo/tencentcloud/cbs v1.0.335/go.mod h1:Gwc5GvKzBPFE+8hnODdKZj8LXPArY7oQ6a7imEGjw48=
github.com/sesky4/tgo/tencentcloud/ccc v1.0.335/go.mod h1:gOkqMHwUuivtQW/85qbl/72q3040zMvk5uvL2t8SpBQ=
github.com/sesky4/tgo/tencentcloud/cdb v1.0.335/go.mod h1:ZUJT2BUxEl2wyEU3QUoB4tTai/PQQ+TqaIvZ4/XteaU=
github.com/sesky4/tgo/tencentcloud/cdn v1.0.335/go.mod h1:xoJydV+bjzHrLUEKLSiNRmMwOVmoh/PCH9zVm79m0aY=
github.com/sesky4/tgo/tencentcloud/cds v1.0.335/go.mod h1:DcjgOLy86xrJgotORkRF0CZ+MdWBLLXqPtzD4yzg8tU=
github.com/sesky4/tgo/tencentcloud/cfs v1.0.335/go.mod h1:josJpt9AOjRlp2Cp06V5ar1p3SM+iet3J3oEQ1XK9x8=
github.com/sesky4/tgo/tencentcloud/cfw v1.0.335/go.mod h1:JEqKNVs7fXarqhiSe9g2k4RN8PZGYuECN7SZIauiiW8=
github.com/sesky4/tgo/tencentcloud/chdfs v1.0.335/go.mod h1:SIPOuyCFAvSyr6XM6Osr6Zw+kjf4ugGcXAx0m6hOL/8=
github.com/sesky4/tgo/tencentcloud/cii v1.0.335/go.mod h1:LjeOn6OCMX0I1pYbjXxM4RxmxGRyQPAlW9SJ2Psq/LA=
github.com/sesky4/tgo/tencentcloud/cim v1.0.335/go.mod h1:a14Q30/NBSuTo3IK4O0DOwsixvnD45Es0z4InPDGYF4=
github.com/sesky4/tgo/tencentcloud/cis v1.0.335/go.mod h1:HRyT5pE3b3wWkFIFhjwkhqiYx69YCq2fimbW74isVsY=
github.com/sesky4/tgo/tencentcloud/ckafka v1.0.335/go.mod h1:g3AsXaBTTCJZ/PZ28Dfk9/q5hQnoKhSqFZeYKHtfQzQ=
github.com/sesky4/tgo/tencentcloud/clb v1.0.335/go.mod h1:UVseY2s+uvb8ESuvfg4ahqK84nQOlWuZTIL6hvAgP0Q=
github.com/sesky4/tgo/tencentcloud/cloudaudit v1.0.335/go.mod h1:Jx8hQpTmXn4Lvd6woLZi5lmy0a0AQZwSSTE7M0dhWpo=
github.com/sesky4/tgo/tencentcloud/cloudhsm v1.0.335/go.mod h1:AzBSQ56LyEJx/yJEYw6u2Pkg77fgQLtRWKPi96ae/84=
github.com/sesky4/tgo/tencentcloud/cls v1.0.335/go.mod h1:sKRgLPp4VVvQJclGZFVS+Tfn1BhlnNKuOGZPgPxstp0=
github.com/sesky4/tgo/tencentcloud/cme v1.0.335/go.mod h1:Jsc8QR7hahnorWL3W9XBTZlWzLRtkfIpe00GGCbWyJU=
github.com/sesky4/tgo/tencentcloud/cmq v1.0.335/go.mod h1:wZmzOTh4fn88Syo6yU7mnHcG08NmK+BaO610IT0GZDA=
github.com/sesky4/tgo/tencentcloud/cms v1.0.335/go.mod h1:6nLXYE+EeO850aZZeEf7RA2B2w4mvI5yVTpUoK8/XYs=
github.com/sesky4/tgo/tencentcloud/common v1.0.335/go.mod h1:OhMtlP9uQbMfdjjMXXhbOCPVy7Cpv8ncHVy/1no3vmQ=
github.com/sesky4/tgo/tencentcloud/cpdp v1.0.335/go.mod h1:ptKCJfv9LNQKuqoniTiMkX+gfukQOnu+utsofBREsIY=
github.com/sesky4/tgo/tencentcloud/cr v1.0.335/go.mod h1:kcpOOgBN5Q94Cmf8DiAPG/eOHqND/UDPb2YS2tEQPV4=
github.com/sesky4/tgo/tencentcloud/cvm v1.0.335/go.mod h1:O+0f3gfcyP7gknVoWnGmCdCwRoO9tnwe+Ef1itZhAhs=
github.com/sesky4/tgo/tencentcloud/cwp v1.0.335/go.mod h1:LvjkSTV7sbCnvQiyrv9uO66VvUiHPt76QItroBQ9H5I=
github.com/sesky4/tgo/tencentcloud/cws v1.0.335/go.mod h1:Mvco/a9BntmsyPy6Elbh7x7hcLzPQ6uhguWojX30cW0=
github.com/sesky4/tgo/tencentcloud/cynosdb v1.0.335/go.mod h1:8shVSvIW9XHhM/fhnXDhJag6xj8iELVouXKbQs6nZmo=
github.com/sesky4/tgo/tencentcloud/dayu v1.0.335/go.mod h1:RgA3yeFDRnHYpYDwQYYVNZlPqW3nwtecD7jk4TWhFgY=
github.com/sesky4/tgo/tencentcloud/dbbrain v1.0.335/go.mod h1:1hCBUek2hq8M1GTqRyLBnOr8g8lPk4TkQNKQxKpNSks=
github.com/sesky4/tgo/tencentcloud/dc v1.0.335/go.mod h1:hSbtFtrWgVUlVCGSenVgBN/ORLZOFSWZnpLx0Tp+CK4=
github.com/sesky4/tgo/tencentcloud/dcdb v1.0.335/go.mod h1:yPSqydLutvIoCWo50/CcziMsYgQGBlEIRB2yB7sA8UI=
github.com/sesky4/tgo/tencentcloud/dlc v1.0.335/go.mod h1:RH5ByMtnGT7KcqBl4QuzcAaqaLEw/eaUiD2LtRz9yX8=
github.com/sesky4/tgo/tencentcloud/dnspod v1.0.335/go.mod h1:ZHyomPD/TkrMdOXrXuFhE9TH1hNjm+uFqXNprvFfRCU=
github.com/sesky4/tgo/tencentcloud/domain v1.0.335/go.mod h1:wrvBPcZBKohLn/nd+TFf7c2vUE/Q12WN+3wW81Lk09E=
github.com/sesky4/tgo/tencentcloud/drm v1.0.335/go.mod h1:ctxIdtMzjAc4aLJbV9YgTFapAZRWfXJzfrZihFiP3VI=
github.com/sesky4/tgo/tencentcloud/ds v1.0.335/go.mod h1:5SU4BncjxJqVYwhFo4tlkaVt1tmcTQ23kzbtd0L5TUM=
github.com/sesky4/tgo/tencentcloud/dtf v1.0.335/go.mod h1:ywUwFk/Dsmt0fVKsNi9azEf9YfN1XNElIlVUTEn7wA8=
github.com/sesky4/tgo/tencentcloud/dts v1.0.335/go.mod h1:uEsGhZTTM8bL4Tze6ekJUcjq8evVDYwunL5hlOEtWDM=
github.com/sesky4/tgo/tencentcloud/eb v1.0.335/go.mod h1:YHXUDWrXs1PRYLW7L1uHgYzJchPupwwHO7AYYnGEXW4=
github.com/sesky4/tgo/tencentcloud/ecc v1.0.335/go.mod h1:24skLbfx6gHhYRFfHUr6Z635Sd2dSrL3HiFZaAX5Q7Q=
github.com/sesky4/tgo/tencentcloud/ecdn v1.0.335/go.mod h1:r9+F5sSnRPRaV4851+z1KQSoR0eMyNMtP1ZNq/PoToE=
github.com/sesky4/tgo/tencentcloud/ecm v1.0.335/go.mod h1:R2SBzOMhScNJLDn2mz5PhPBp1iw/T4C+e/vYpiH4tT0=
github.com/sesky4/tgo/tencentcloud/eiam v1.0.335/go.mod h1:sD/byaiz8YUU5jZS4JjuavZa52SLvWrQYmRn48Q0P5k=
github.com/sesky4/tgo/tencentcloud/eis v1.0.335/go.mod h1:a7vM1pBXGz/CfUvdTrV8xnqhMo0ziyRP0a4DoLeQEU4=
github.com/sesky4/tgo/tencentcloud/emr v1.0.335/go.mod h1:lzX00LEp+hvwZnujJ98E7ycrHZP2IKTnHz2xWX2O8hA=
github.com/sesky4/tgo/tencentcloud/es v1.0.335/go.mod h1:ZbGxSYzYUPfFF7Ixd+tB9adNffX4q1T163X5Etiqwg0=
github.com/sesky4/tgo/tencentcloud/essbasic v1.0.335/go.mod h1:6RKXLk4wrISD32+Tycq4BKh032Z1GtTbvN8O3I++A3M=
github.com/sesky4/tgo/tencentcloud/facefusion v1.0.335/go.mod h1:oTx/nHaGDTQj7xiwQht+aHJ+f6G2mMJlTvObzkQuuuw=
github.com/sesky4/tgo/tencentcloud/faceid v1.0.335/go.mod h1:Rs8Q2WvTFJFqHDPdyXx6d1YI1W7uiw3pudaLbLNdw0w=
github.com/sesky4/tgo/tencentcloud/fmu v1.0.335/go.mod h1:/RDmNkIpffH3fOB8WguGx27My9cQ6LndanEDZqA4IXE=
github.com/sesky4/tgo/tencentcloud/ft v1.0.335/go.mod h1:Sa4wZLzvSqRM2r1zPZnthUhJR9V+GPWfc8uJ9sgB1r8=
github.com/sesky4/tgo/tencentcloud/gaap v1.0.335/go.mod h1:9Oi2aDb//oupXnlnbROSRR9cmJDWS+ct0vm9lSzr5Xg=
github.com/sesky4/tgo/tencentcloud/gme v1.0.335/go.mod h1:+ZrWKnkM+zrhPn+sraNkyoJmUPuHhN00cicNtbx1A38=
github.com/sesky4/tgo/tencentcloud/gpm v1.0.335/go.mod h1:3bmuGOEnmzBxc+VNus2tkwFzb+kd1Vohtf9Q9O/XNUQ=
github.com/sesky4/tgo/tencentcloud/gs v1.0.335/go.mod h1:nmbFOZQ1fGPYVA3AyJkO4ZRhS3oQX1Iof9egGOz8A1s=
github.com/sesky4/tgo/tencentcloud/gse v1.0.335/go.mod h1:yD9Cs/hBKCgMUtQ41HTcljpfUu6geNubfOWOJbumiKY=
github.com/sesky4/tgo/tencentcloud/habo v1.0.335/go.mod h1:T4bwCHtvtSFcqXHtDQ6IWVmOBMteiBjVmoLRFnGtheE=
github.com/sesky4/tgo/tencentcloud/hcm v1.0.335/go.mod h1:0tM97JYPbMctURFdNNgipoZX6sNQ8C99Jl/R7rkbpSQ=
github.com/sesky4/tgo/tencentcloud/iai v1.0.335/go.mod h1:+aOe/eRp+Pr4H2t0SUsxugl/Us30WwKJW6Ye7dPrIFs=
github.com/sesky4/tgo/tencentcloud/ic v1.0.335/go.mod h1:XEYHJNOXxFeJOv6z3Q6TnfV4OWPF08TMt49J0k38sd8=
github.com/sesky4/tgo/tencentcloud/ie v1.0.335/go.mod h1:WQa6o1pbVDgjiVANAaF1IwN5BkNr1vDWlUj2nx+J9wI=
github.com/sesky4/tgo/tencentcloud/iecp v1.0.335/go.mod h1:Vpf9dopE3+0fIwK2lATjMG7wwfZS7/2iL118cXYwf0s=
github.com/sesky4/tgo/tencentcloud/iir v1.0.335/go.mod h1:SdxXUcPdA9egVEkPAnwzw/pUNp16KsrcU05Wq41Dx18=
github.com/sesky4/tgo/tencentcloud/ims v1.0.335/go.mod h1:oVRwETtstCqSrgLMXfqvewWHzTp6TaBYI/N191ITl0o=
github.com/sesky4/tgo/tencentcloud/iot v1.0.335/go.mod h1:0nhv2GzJaDf08Ak+vjUEW7cYiFj/eBV9szYACS5xJOM=
github.com/sesky4/tgo/tencentcloud/iotcloud v1.0.335/go.mod h1:MDyMxBdN3Ef8eMCJA7C3Kp/yP+Kol51sd00Waio2ovk=
github.com/sesky4/tgo/tencentcloud/iotexplorer v1.0.335/go.mod h1:vjx5KD0T9jUn9OADYkUpOpqqgLnp+P8ElzOXcC9BIJo=
github.com/sesky4/tgo/tencentcloud/iottid v1.0.335/go.mod h1:+uqRkDTWsngZWugvXx/9mF7mbQuZ/8teJvXzFkaibPk=
github.com/sesky4/tgo/tencentcloud/iotvideo v1.0.335/go.mod h1:1UdEsm2VwEH0f0FCsYfVKFclpWHpzAZGDF/Sivnrs3A=
github.com/sesky4/tgo/tencentcloud/iotvideoindustry v1.0.335/go.mod h1:dfvtvkYe9wOH5xWGkC+alhhDDe/Ni6g63IHPXV0Rtw0=
github.com/sesky4/tgo/tencentcloud/ivld v1.0.335/go.mod h1:1/6wX2Oc9EOEMr2OEzINiNDdlTn7tbNBFqXafrKavt0=
github.com/sesky4/tgo/tencentcloud/kms v1.0.335/go.mod h1:PpAscuG1szhhqYbjX5msulFXboOCSvzWcQBHvQE2I1o=
github.com/sesky4/tgo/tencentcloud/lighthouse v1.0.335/go.mod h1:JMLNf+Ujshl1gWo+zUHdgp7XFePp7DFwlyhNZB0fkC0=
github.com/sesky4/tgo/tencentcloud/live v1.0.335/go.mod h1:wkd0in3AUlJQS7C3yXh5k+N8Jj/wb5NfAqUiWSoA7DU=
github.com/sesky4/tgo/tencentcloud/lp v1.0.335/go.mod h1:tLeTj7g6X0dG0pzpfOEsTppMT0MxBw2Yi1i9MFgJgk4=
github.com/sesky4/tgo/tencentcloud/mariadb v1.0.335/go.mod h1:TaYaZAVZOi7HPtBYjLKPejZL4JA3CsUagVXZUnrErCs=
github.com/sesky4/tgo/tencentcloud/market v1.0.335/go.mod h1:5b3wRV6DqX0Zyr5X+pnh1Vb94MxEN+4vYo2g/aO29fE=
github.com/sesky4/tgo/tencentcloud/memcached v1.0.335/go.mod h1:Y8wjMbIMeDJcJa9Y1xDes4NhBDZ1Z1QIRgx1HJtEZSM=
github.com/sesky4/tgo/tencentcloud/mgobe v1.0.335/go.mod h1:12mtnjsTVIbA8YSbOJUtVMRaCzNb6Uq6fRTiQd/QW0c=
github.com/sesky4/tgo/tencentcloud/mna v1.0.335/go.mod h1:t8GcQu6ursdgiuvwO5Mi71JitrPRV0V6HP79XnvtIkU=
github.com/sesky4/tgo/tencentcloud/mongodb v1.0.335/go.mod h1:y9EqE5aFpyYf1eiWpOuh8bO7VRfbItAx90omMQhqAm0=
github.com/sesky4/tgo/tencentcloud/monitor v1.0.335/go.mod h1:C6SEg5ANZvw7j5Vhh1xbFhTsD5NismTi3gJ3NgclNns=
github.com/sesky4/tgo/tencentcloud/mps v1.0.335/go.mod h1:wO5C/Nkc+eudJ63S0xQzRnKLMFTqJgd4yFtl5XIJYQ0=
github.com/sesky4/tgo/tencentcloud/mrs v1.0.335/go.mod h1:nIzzkr9lQtRMwpM/ktNDbOa43XeK5H7TjbcPc+/Y+3g=
github.com/sesky4/tgo/tencentcloud/ms v1.0.335/go.mod h1:M+6P/8VVKSS+d+EhyWptR639htCPw1JMBY9EbGqFhjM=
github.com/sesky4/tgo/tencentcloud/msp v1.0.335/go.mod h1:YWxeMbDgSef1fCusvzxMqKtEtYW8QhpzbNQ2xZ+M2cs=
github.com/sesky4/tgo/tencentcloud/mvj v1.0.335/go.mod h1:N/DLBkIeMh3KMfrea6DLFBOROoGtYBu9/IlxrNfiGpQ=
github.com/sesky4/tgo/tencentcloud/nlp v1.0.335/go.mod h1:ih3YEyHMdtjDw+DlRux+SllixWO41NskBBSEuVIUUnk=
github.com/sesky4/tgo/tencentcloud/npp v1.0.335/go.mod h1:7vzDtiS7V4ES1ZtAUDKmkBrFeZkGyV6uXFhuLZAPEr0=
github.com/sesky4/tgo/tencentcloud/oceanus v1.0.335/go.mod h1:KzsUdNFkqzPuG8pzwMV5+MhC5kAJJbxUk+Ti6TPLYAk=
github.com/sesky4/tgo/tencentcloud/ocr v1.0.335/go.mod h1:IoJsPzZbHvJU1R5mU0lUHxfgCdqYFrMx8J8f5aCgJbs=
github.com/sesky4/tgo/tencentcloud/organization v1.0.335/go.mod h1:8ER8SZRN0bre8bOMbZR5wtBpACORazWkX7CBZ1E0Ct4=
github.com/sesky4/tgo/tencentcloud/partners v1.0.335/go.mod h1:1fqx34ohEG3fPpRj12SuthXLYhm1rzK2Kv9fwVmKzTo=
github.com/sesky4/tgo/tencentcloud/pds v1.0.335/go.mod h1:HmtMTwg+77OwNliEW1n8TT4lBc7WTHewN+kpyK/FwRw=
github.com/sesky4/tgo/tencentcloud/postgres v1.0.335/go.mod h1:8YvxHSFBS23oZ5K+fMmLdbgE84aYipQllLVJ1fZ5RiU=
github.com/sesky4/tgo/tencentcloud/privatedns v1.0.335/go.mod h1:9HsaJqWvrTL7vKErDig6SLMGI4ZADslsCxbI+EVfcjw=
github.com/sesky4/tgo/tencentcloud/rce v1.0.335/go.mod h1:qJu9xp/VrZLece3cX2SlLpYuhtLD7D6XLc0KQBYuvqU=
github.com/sesky4/tgo/tencentcloud/redis v1.0.335/go.mod h1:bCwKX11Qf5xSrBqCRRxc26Yspu2nv3ZRMC/I/2t89Wk=
github.com/sesky4/tgo/tencentcloud/rkp v1.0.335/go.mod h1:r/r0kEBwZzZhf/vCWDeV3RqBzWjbbY9JEKqv+clE0QY=
github.com/sesky4/tgo/tencentcloud/rp v1.0.335/go.mod h1:EpWmHgsOoYyNpp0rJYqBYzeh+cNmYVNdTZ29+0KbFxg=
github.com/sesky4/tgo/tencentcloud/rum v1.0.335/go.mod h1:xUmhlowULMs4NZDv4OK2hPwk8ZUkDK70oipKcx2WP2s=
github.com/sesky4/tgo/tencentcloud/scf v1.0.335/go.mod h1:VglRqzLR9Cg8FSSfcxI1UIeSw4/R4aN+2LWZsawAqqI=
github.com/sesky4/tgo/tencentcloud/ses v1.0.335/go.mod h1:L8Q5devX+3buXx+op1ZpInepuChWVuE/qMPiPR75+BA=
github.com/sesky4/tgo/tencentcloud/smpn v1.0.335/go.mod h1:SwgE3t44nwqkuzhEwdP5tmUXqxwV8mpHhuq29qc+wW8=
github.com/sesky4/tgo/tencentcloud/sms v1.0.335/go.mod h1:GvV0R1+s0pt19nSieukWaU/EjX2ObA/QjkhiijMj/Bg=
github.com/sesky4/tgo/tencentcloud/soe v1.0.335/go.mod h1:zifxAzH6Ju0Xv5IH2ODbbR37ECrbHqdh8LD8DSDdSdA=
github.com/sesky4/tgo/tencentcloud/solar v1.0.335/go.mod h1:f8hdWGE4Y96EeAOJOYC0tOpJ8s/KGYiNY4CGb9xApDU=
github.com/sesky4/tgo/tencentcloud/sqlserver v1.0.335/go.mod h1:5zewiCPMz7ehxaDuAdI84UN0T9rUVtuxHNEkYEgR3yM=
github.com/sesky4/tgo/tencentcloud/ssa v1.0.335/go.mod h1:XCo6h69mHMKCTVAP0p3njIuYV2hwsgnVCElSd91YguM=
github.com/sesky4/tgo/tencentcloud/ssl v1.0.335/go.mod h1:ZI1Wrwtt/ppycJIOinEUewYjqyGyc/u5JzB4tqI5yPM=
github.com/sesky4/tgo/tencentcloud/sslpod v1.0.335/go.mod h1:T2pQiNaQC5bFHiQAiiQr5NINB3HJ0z0cJG+JgbGHa7s=
github.com/sesky4/tgo/tencentcloud/ssm v1.0.335/go.mod h1:ynJ5lEXy/EB6xHxHf2tAj0fQHthIoieodHT1ee44V/A=
github.com/sesky4/tgo/tencentcloud/sts v1.0.335/go.mod h1:vPQPxJuvH4KbuxMtTcvvjjJkbH9uHedv5IfP6HCGrXA=
github.com/sesky4/tgo/tencentcloud/taf v1.0.335/go.mod h1:D0ftg4N1hM0UH8SNtnf0CyqlSjsSw//Z5WxbLQaYGvA=
github.com/sesky4/tgo/tencentcloud/tag v1.0.335/go.mod h1:Kx7nfrq9qfLFWeB/XtmL1th3laFSQ/iqu4DGqLbPvNs=
github.com/sesky4/tgo/tencentcloud/tat v1.0.335/go.mod h1:PI9stCv/+2wKA92tK4p2Lyqx/z5L711QmG7ZmFTo29w=
github.com/sesky4/tgo/tencentcloud/tav v1.0.335/go.mod h1:TCGoAt+COX2IPN+xqO080F3leIQIO39PSFD7RzxA61A=
github.com/sesky4/tgo/tencentcloud/tbaas v1.0.335/go.mod h1:kPOmqIT3REBDJ7Q5bspP2eUKiAFdR285vAozKETyldw=
github.com/sesky4/tgo/tencentcloud/tbm v1.0.335/go.mod h1:CxxcBZwYWB2tugAq2H08tY+G8MsjNolTQ7lHOSjq/1g=
github.com/sesky4/tgo/tencentcloud/tbp v1.0.335/go.mod h1:qt1FCQbLAFO07NYKsY6H4QMuJBy5gixacpZ1CZJvnTg=
github.com/sesky4/tgo/tencentcloud/tcaplusdb v1.0.335/go.mod h1:BhNqoE09pN9Xd1vYs7dXLKj/QBpIq7OocsoWXZjIzSU=
github.com/sesky4/tgo/tencentcloud/tcb v1.0.335/go.mod h1:/IKYvlYxxM+PSJ+NrjggBH3SiWxskicLLi6HiLXWBNk=
github.com/sesky4/tgo/tencentcloud/tcex v1.0.335/go.mod h1:oIp7ySN8xgpz1ATbY0JKyxnrnxntVNbFZRts9V3XR3A=
github.com/sesky4/tgo/tencentcloud/tci v1.0.335/go.mod h1:isZK88h9HjhfWnKI5ZTtAowY7vjSHbz9SK4P0Lyp2ss=
github.com/sesky4/tgo/tencentcloud/tcm v1.0.335/go.mod h1:+L/ZoC1QvMinF8xmovlQgiKtI6UT9E2VAtJxvPsWP4c=
github.com/sesky4/tgo/tencentcloud/tcr v1.0.335/go.mod h1:S7FXslxP1s7pjnjNFhbL5mYhDcRjFk3k40dIl0j7iic=
github.com/sesky4/tgo/tencentcloud/tcss v1.0.335/go.mod h1:cuAHoYayvYTm933r+xI+LC42Zb0p5PPu7wc+52Pr2tQ=
github.com/sesky4/tgo/tencentcloud/tdid v1.0.335/go.mod h1:Eo7aKohRlcmP4wGmZeM/3F1UGINsGKyTRKwzX6atpfs=
github.com/sesky4/tgo/tencentcloud/tdmq v1.0.335/go.mod h1:/1l//PkWc/LkF+pwpsRLc/RNbTLWtZ8eDCBIv7ZPZ44=
github.com/sesky4/tgo/tencentcloud/tem v1.0.335/go.mod h1:/oPC0jWwnHaQN/xsZ1SiMMl+YaUTtk4m5CjvPCgCA/g=
github.com/sesky4/tgo/tencentcloud/thpc v1.0.335/go.mod h1:qSEu3PTBwAFgXHwnzVeaAOXQ8e+QIdKyFZHMGhJxUh8=
github.com/sesky4/tgo/tencentcloud/tia v1.0.335/go.mod h1:kZHxYUyUG4aBPpbTcDJNQxoxHqJ56Jp/vgWWBCAKVmE=
github.com/sesky4/tgo/tencentcloud/tic v1.0.335/go.mod h1:KkVvBFSvI+XnAkrpQup9f4HeaVbXxxBdJX9HQDuLtsk=
github.com/sesky4/tgo/tencentcloud/ticm v1.0.335/go.mod h1:cQROLutODSzPt0DBi63OdQ65HgAWOFPg7/UBoHBE7ps=
github.com/sesky4/tgo/tencentcloud/tics v1.0.335/go.mod h1:oGvSv0+k3jgli+7YQLmM58t8rLQvGIFhtQ2CF48r+Wk=
github.com/sesky4/tgo/tencentcloud/tiems v1.0.335/go.mod h1:gVVpDTDCzl7/Y+MGOSfVlP8U4CX8Gx73aBoScGk3+Tc=
github.com/sesky4/tgo/tencentcloud/tiia v1.0.335/go.mod h1:Syed2nRM0I8r8bFqqAqI1PsDszKru4stV3nRaprrHuM=
github.com/sesky4/tgo/tencentcloud/tione v1.0.335/go.mod h1:rGzi6ZCwxPX7eHY5n48HYtAj4V/L0g/GSeNSA6aKYCM=
github.com/sesky4/tgo/tencentcloud/tiw v1.0.335/go.mod h1:RxI0fZZv8SVVDkEvNfHPcU4GfbLjkzDFpJPPJ/M6Krs=
github.com/sesky4/tgo/tencentcloud/tke v1.0.335/go.mod h1:R4yWJ7vrpE4eOczlUd5mmxrnfqp4uiL3fwuI5LIphpY=
github.com/sesky4/tgo/tencentcloud/tkgdq v1.0.335/go.mod h1:lcmpfUzXIXVtXm7Zws4umdR7qZKqrjv44C9ODlN4hGk=
github.com/sesky4/tgo/tencentcloud/tms v1.0.335/go.mod h1:Wza/0ODKaBKDaFwC5LZ9tAhTtn8EbBsv52/MOBvnaVU=
github.com/sesky4/tgo/tencentcloud/tmt v1.0.335/go.mod h1:QQWx3PUXqvHftGU/B5p4MlvzFjRXXk58I6y2WC0QJGM=
github.com/sesky4/tgo/tencentcloud/trtc v1.0.335/go.mod h1:WyzLXKKFtVGHV3HA0EXAGdtQ18H7b2XeyiYOIR4wzEY=
github.com/sesky4/tgo/tencentcloud/tse v1.0.335/go.mod h1:gWUj9KrgZs1Kzrfck+LEenDxxorkf+sS4MgKTQvGqWY=
github.com/sesky4/tgo/tencentcloud/tsf v1.0.335/go.mod h1:xQSXF2gGdnSezihLgmdemhh3L4iJlwj3DjUsMWigA54=
github.com/sesky4/tgo/tencentcloud/tsw v1.0.335/go.mod h1:yrDldYMwM9bKaQDNUxMQAF1m8AZPpfmLSYMnKgX+txc=
github.com/sesky4/tgo/tencentcloud/tts v1.0.335/go.mod h1:PC7wFwkfBX1+pE1QFQMW7YneztaoiTKJ6ZHqY9FoMa8=
github.com/sesky4/tgo/tencentcloud/ump v1.0.335/go.mod h1:N/gwsTG8DJQxRNC07SUN7TfQ9/DXzWYw4wcvw1dLZb8=
github.com/sesky4/tgo/tencentcloud/vm v1.0.335/go.mod h1:8N/pueseH7G1K/hgCn3zIrr+aOF0HC54PedYsT8s8sY=
github.com/sesky4/tgo/tencentcloud/vms v1.0.335/go.mod h1:pYm/xAhBQeU3SnMxl02HVXHOciG5lvxN4xdprTgczPw=
github.com/sesky4/tgo/tencentcloud/vod v1.0.335/go.mod h1:MA7/c+gQyOpJscHGYQuQy68MfF1CgdMYeCplzk5WMU4=
github.com/sesky4/tgo/tencentcloud/vpc v1.0.335/go.mod h1:8WdW2wk6JmEaollmNzdVMJDTUzT+yhXBLA71fAxzZBk=
github.com/sesky4/tgo/tencentcloud/waf v1.0.335/go.mod h1:xC9u2yshVN05Y0do4I43rRTiThgrrBbjdiU6iZRmz40=
github.com/sesky4/tgo/tencentcloud/wav v1.0.335/go.mod h1:hBKF499lqs6NXh2kXJJcKrWHbDyPIKvCaE/qu6c/u6U=
github.com/sesky4/tgo/tencentcloud/wss v1.0.335/go.mod h1:M2a0rEb0sRZkn8aekY41a9cWFloaXsYEz3v1UCLYO/k=
github.com/sesky4/tgo/tencentcloud/youmall v1.0.335/go.mod h1:3Tgxuu93QFKn+zIoA+0+BqmbjgdzQg+SLLwIqxNLeS0=
github.com/sesky4/tgo/tencentcloud/yunjing v1.0.335/go.mod h1:WX8ITYo2a3hRwyF2JsQb2Krj2/iAsSqnHscmwQ3FnXk=
github.com/sesky4/tgo/tencentcloud/yunsou v1.0.335/go.mod h1:aMhoEQJysIgo+PGwu7EGS4vem3hzi/LStsIoZYsBWmw=
github.com/sesky4/tgo/tencentcloud/zj v1.0.335/go.mod h1:WaIDx5W95BtVYOdcCADjaRBxP4H78PByG+DNQ4RFyFU=
